
Microsoft Visual Studio Solution File, Format Version 12.00
# Visual Studio 14
VisualStudioVersion = 14.0.25420.1
MinimumVisualStudioVersion = 10.0.40219.1
Project("{D954291E-2A0B-460D-934E-DC6B0785DB48}") = "ShopHelper.Client", "src\ShopHelper.Client\ShopHelper.Client.shproj", "{0084E367-E3B9-488E-B370-A2245A3CE2C7}"
EndProject
Project("{FAE04EC0-301F-11D3-BF4B-00C04F79EFBC}") = "ShopHelper.Client.Android", "src\ShopHelper.Client.Android\ShopHelper.Client.Android.csproj", "{0BB7B72B-1DAC-4BA0-BD88-07C1477F04DE}"
EndProject
Project("{FAE04EC0-301F-11D3-BF4B-00C04F79EFBC}") = "ShopHelper.Client.iOS", "src\ShopHelper.Client.iOS\ShopHelper.Client.iOS.csproj", "{1EF117CB-D45C-4AFC-B243-3C92350CF573}"
EndProject
Project("{FAE04EC0-301F-11D3-BF4B-00C04F79EFBC}") = "ShopHelper.Client.UWP", "src\ShopHelper.Client.UWP\ShopHelper.Client.UWP.csproj", "{F8B7D9B6-04AC-4E0B-AFB6-9285C5E2544B}"
EndProject
Global
	GlobalSection(SharedMSBuildProjectFiles) = preSolution
		src\ShopHelper.Client\ShopHelper.Client.projitems*{0084e367-e3b9-488e-b370-a2245a3ce2c7}*SharedItemsImports = 13
		src\ShopHelper.Client\ShopHelper.Client.projitems*{0bb7b72b-1dac-4ba0-bd88-07c1477f04de}*SharedItemsImports = 4
		src\ShopHelper.Client\ShopHelper.Client.projitems*{1ef117cb-d45c-4afc-b243-3c92350cf573}*SharedItemsImports = 4
		src\ShopHelper.Client\ShopHelper.Client.projitems*{f8b7d9b6-04ac-4e0b-afb6-9285c5e2544b}*SharedItemsImports = 4
	EndGlobalSection
	GlobalSection(SolutionConfigurationPlatforms) = preSolution
		Ad-Hoc|Any CPU = Ad-Hoc|Any CPU
		Ad-Hoc|ARM = Ad-Hoc|ARM
		Ad-Hoc|iPhone = Ad-Hoc|iPhone
		Ad-Hoc|iPhoneSimulator = Ad-Hoc|iPhoneSimulator
		Ad-Hoc|x64 = Ad-Hoc|x64
		Ad-Hoc|x86 = Ad-Hoc|x86
		AppStore|Any CPU = AppStore|Any CPU
		AppStore|ARM = AppStore|ARM
		AppStore|iPhone = AppStore|iPhone
		AppStore|iPhoneSimulator = AppStore|iPhoneSimulator
		AppStore|x64 = AppStore|x64
		AppStore|x86 = AppStore|x86
		Debug|Any CPU = Debug|Any CPU
		Debug|ARM = Debug|ARM
		Debug|iPhone = Debug|iPhone
		Debug|iPhoneSimulator = Debug|iPhoneSimulator
		Debug|x64 = Debug|x64
		Debug|x86 = Debug|x86
		Release|Any CPU = Release|Any CPU
		Release|ARM = Release|ARM
		Release|iPhone = Release|iPhone
		Release|iPhoneSimulator = Release|iPhoneSimulator
		Release|x64 = Release|x64
		Release|x86 = Release|x86
	EndGlobalSection
	GlobalSection(ProjectConfigurationPlatforms) = postSolution
		{0BB7B72B-1DAC-4BA0-BD88-07C1477F04DE}.Ad-Hoc|Any CPU.ActiveCfg = Release|Any CPU
		{0BB7B72B-1DAC-4BA0-BD88-07C1477F04DE}.Ad-Hoc|Any CPU.Build.0 = Release|Any CPU
		{0BB7B72B-1DAC-4BA0-BD88-07C1477F04DE}.Ad-Hoc|Any CPU.Deploy.0 = Release|Any CPU
		{0BB7B72B-1DAC-4BA0-BD88-07C1477F04DE}.Ad-Hoc|ARM.ActiveCfg = Release|Any CPU
		{0BB7B72B-1DAC-4BA0-BD88-07C1477F04DE}.Ad-Hoc|ARM.Build.0 = Release|Any CPU
		{0BB7B72B-1DAC-4BA0-BD88-07C1477F04DE}.Ad-Hoc|ARM.Deploy.0 = Release|Any CPU
		{0BB7B72B-1DAC-4BA0-BD88-07C1477F04DE}.Ad-Hoc|iPhone.ActiveCfg = Release|Any CPU
		{0BB7B72B-1DAC-4BA0-BD88-07C1477F04DE}.Ad-Hoc|iPhone.Build.0 = Release|Any CPU
		{0BB7B72B-1DAC-4BA0-BD88-07C1477F04DE}.Ad-Hoc|iPhone.Deploy.0 = Release|Any CPU
		{0BB7B72B-1DAC-4BA0-BD88-07C1477F04DE}.Ad-Hoc|iPhoneSimulator.ActiveCfg = Release|Any CPU
		{0BB7B72B-1DAC-4BA0-BD88-07C1477F04DE}.Ad-Hoc|iPhoneSimulator.Build.0 = Release|Any CPU
		{0BB7B72B-1DAC-4BA0-BD88-07C1477F04DE}.Ad-Hoc|iPhoneSimulator.Deploy.0 = Release|Any CPU
		{0BB7B72B-1DAC-4BA0-BD88-07C1477F04DE}.Ad-Hoc|x64.ActiveCfg = Release|Any CPU
		{0BB7B72B-1DAC-4BA0-BD88-07C1477F04DE}.Ad-Hoc|x64.Build.0 = Release|Any CPU
		{0BB7B72B-1DAC-4BA0-BD88-07C1477F04DE}.Ad-Hoc|x64.Deploy.0 = Release|Any CPU
		{0BB7B72B-1DAC-4BA0-BD88-07C1477F04DE}.Ad-Hoc|x86.ActiveCfg = Release|Any CPU
		{0BB7B72B-1DAC-4BA0-BD88-07C1477F04DE}.Ad-Hoc|x86.Build.0 = Release|Any CPU
		{0BB7B72B-1DAC-4BA0-BD88-07C1477F04DE}.Ad-Hoc|x86.Deploy.0 = Release|Any CPU
		{0BB7B72B-1DAC-4BA0-BD88-07C1477F04DE}.AppStore|Any CPU.ActiveCfg = Release|Any CPU
		{0BB7B72B-1DAC-4BA0-BD88-07C1477F04DE}.AppStore|Any CPU.Build.0 = Release|Any CPU
		{0BB7B72B-1DAC-4BA0-BD88-07C1477F04DE}.AppStore|Any CPU.Deploy.0 = Release|Any CPU
		{0BB7B72B-1DAC-4BA0-BD88-07C1477F04DE}.AppStore|ARM.ActiveCfg = Release|Any CPU
		{0BB7B72B-1DAC-4BA0-BD88-07C1477F04DE}.AppStore|ARM.Build.0 = Release|Any CPU
		{0BB7B72B-1DAC-4BA0-BD88-07C1477F04DE}.AppStore|ARM.Deploy.0 = Release|Any CPU
		{0BB7B72B-1DAC-4BA0-BD88-07C1477F04DE}.AppStore|iPhone.ActiveCfg = Release|Any CPU
		{0BB7B72B-1DAC-4BA0-BD88-07C1477F04DE}.AppStore|iPhone.Build.0 = Release|Any CPU
		{0BB7B72B-1DAC-4BA0-BD88-07C1477F04DE}.AppStore|iPhone.Deploy.0 = Release|Any CPU
		{0BB7B72B-1DAC-4BA0-BD88-07C1477F04DE}.AppStore|iPhoneSimulator.ActiveCfg = Release|Any CPU
		{0BB7B72B-1DAC-4BA0-BD88-07C1477F04DE}.AppStore|iPhoneSimulator.Build.0 = Release|Any CPU
		{0BB7B72B-1DAC-4BA0-BD88-07C1477F04DE}.AppStore|iPhoneSimulator.Deploy.0 = Release|Any CPU
		{0BB7B72B-1DAC-4BA0-BD88-07C1477F04DE}.AppStore|x64.ActiveCfg = Release|Any CPU
		{0BB7B72B-1DAC-4BA0-BD88-07C1477F04DE}.AppStore|x64.Build.0 = Release|Any CPU
		{0BB7B72B-1DAC-4BA0-BD88-07C1477F04DE}.AppStore|x64.Deploy.0 = Release|Any CPU
		{0BB7B72B-1DAC-4BA0-BD88-07C1477F04DE}.AppStore|x86.ActiveCfg = Release|Any CPU
		{0BB7B72B-1DAC-4BA0-BD88-07C1477F04DE}.AppStore|x86.Build.0 = Release|Any CPU
		{0BB7B72B-1DAC-4BA0-BD88-07C1477F04DE}.AppStore|x86.Deploy.0 = Release|Any CPU
		{0BB7B72B-1DAC-4BA0-BD88-07C1477F04DE}.Debug|Any CPU.ActiveCfg = Debug|Any CPU
		{0BB7B72B-1DAC-4BA0-BD88-07C1477F04DE}.Debug|Any CPU.Build.0 = Debug|Any CPU
		{0BB7B72B-1DAC-4BA0-BD88-07C1477F04DE}.Debug|Any CPU.Deploy.0 = Debug|Any CPU
		{0BB7B72B-1DAC-4BA0-BD88-07C1477F04DE}.Debug|ARM.ActiveCfg = Debug|Any CPU
		{0BB7B72B-1DAC-4BA0-BD88-07C1477F04DE}.Debug|ARM.Build.0 = Debug|Any CPU
		{0BB7B72B-1DAC-4BA0-BD88-07C1477F04DE}.Debug|ARM.Deploy.0 = Debug|Any CPU
		{0BB7B72B-1DAC-4BA0-BD88-07C1477F04DE}.Debug|iPhone.ActiveCfg = Debug|Any CPU
		{0BB7B72B-1DAC-4BA0-BD88-07C1477F04DE}.Debug|iPhone.Build.0 = Debug|Any CPU
		{0BB7B72B-1DAC-4BA0-BD88-07C1477F04DE}.Debug|iPhone.Deploy.0 = Debug|Any CPU
		{0BB7B72B-1DAC-4BA0-BD88-07C1477F04DE}.Debug|iPhoneSimulator.ActiveCfg = Debug|Any CPU
		{0BB7B72B-1DAC-4BA0-BD88-07C1477F04DE}.Debug|iPhoneSimulator.Build.0 = Debug|Any CPU
		{0BB7B72B-1DAC-4BA0-BD88-07C1477F04DE}.Debug|iPhoneSimulator.Deploy.0 = Debug|Any CPU
		{0BB7B72B-1DAC-4BA0-BD88-07C1477F04DE}.Debug|x64.ActiveCfg = Debug|Any CPU
		{0BB7B72B-1DAC-4BA0-BD88-07C1477F04DE}.Debug|x64.Build.0 = Debug|Any CPU
		{0BB7B72B-1DAC-4BA0-BD88-07C1477F04DE}.Debug|x64.Deploy.0 = Debug|Any CPU
		{0BB7B72B-1DAC-4BA0-BD88-07C1477F04DE}.Debug|x86.ActiveCfg = Debug|Any CPU
		{0BB7B72B-1DAC-4BA0-BD88-07C1477F04DE}.Debug|x86.Build.0 = Debug|Any CPU
		{0BB7B72B-1DAC-4BA0-BD88-07C1477F04DE}.Debug|x86.Deploy.0 = Debug|Any CPU
		{0BB7B72B-1DAC-4BA0-BD88-07C1477F04DE}.Release|Any CPU.ActiveCfg = Release|Any CPU
		{0BB7B72B-1DAC-4BA0-BD88-07C1477F04DE}.Release|Any CPU.Build.0 = Release|Any CPU
		{0BB7B72B-1DAC-4BA0-BD88-07C1477F04DE}.Release|Any CPU.Deploy.0 = Release|Any CPU
		{0BB7B72B-1DAC-4BA0-BD88-07C1477F04DE}.Release|ARM.ActiveCfg = Release|Any CPU
		{0BB7B72B-1DAC-4BA0-BD88-07C1477F04DE}.Release|ARM.Build.0 = Release|Any CPU
		{0BB7B72B-1DAC-4BA0-BD88-07C1477F04DE}.Release|ARM.Deploy.0 = Release|Any CPU
		{0BB7B72B-1DAC-4BA0-BD88-07C1477F04DE}.Release|iPhone.ActiveCfg = Release|Any CPU
		{0BB7B72B-1DAC-4BA0-BD88-07C1477F04DE}.Release|iPhone.Build.0 = Release|Any CPU
		{0BB7B72B-1DAC-4BA0-BD88-07C1477F04DE}.Release|iPhone.Deploy.0 = Release|Any CPU
		{0BB7B72B-1DAC-4BA0-BD88-07C1477F04DE}.Release|iPhoneSimulator.ActiveCfg = Release|Any CPU
		{0BB7B72B-1DAC-4BA0-BD88-07C1477F04DE}.Release|iPhoneSimulator.Build.0 = Release|Any CPU
		{0BB7B72B-1DAC-4BA0-BD88-07C1477F04DE}.Release|iPhoneSimulator.Deploy.0 = Release|Any CPU
		{0BB7B72B-1DAC-4BA0-BD88-07C1477F04DE}.Release|x64.ActiveCfg = Release|Any CPU
		{0BB7B72B-1DAC-4BA0-BD88-07C1477F04DE}.Release|x64.Build.0 = Release|Any CPU
		{0BB7B72B-1DAC-4BA0-BD88-07C1477F04DE}.Release|x64.Deploy.0 = Release|Any CPU
		{0BB7B72B-1DAC-4BA0-BD88-07C1477F04DE}.Release|x86.ActiveCfg = Release|Any CPU
		{0BB7B72B-1DAC-4BA0-BD88-07C1477F04DE}.Release|x86.Build.0 = Release|Any CPU
		{0BB7B72B-1DAC-4BA0-BD88-07C1477F04DE}.Release|x86.Deploy.0 = Release|Any CPU
		{1EF117CB-D45C-4AFC-B243-3C92350CF573}.Ad-Hoc|Any CPU.ActiveCfg = Ad-Hoc|iPhone
		{1EF117CB-D45C-4AFC-B243-3C92350CF573}.Ad-Hoc|ARM.ActiveCfg = Ad-Hoc|iPhone
		{1EF117CB-D45C-4AFC-B243-3C92350CF573}.Ad-Hoc|iPhone.ActiveCfg = Ad-Hoc|iPhone
		{1EF117CB-D45C-4AFC-B243-3C92350CF573}.Ad-Hoc|iPhone.Build.0 = Ad-Hoc|iPhone
		{1EF117CB-D45C-4AFC-B243-3C92350CF573}.Ad-Hoc|iPhoneSimulator.ActiveCfg = Ad-Hoc|iPhoneSimulator
		{1EF117CB-D45C-4AFC-B243-3C92350CF573}.Ad-Hoc|iPhoneSimulator.Build.0 = Ad-Hoc|iPhoneSimulator
		{1EF117CB-D45C-4AFC-B243-3C92350CF573}.Ad-Hoc|x64.ActiveCfg = Ad-Hoc|iPhone
		{1EF117CB-D45C-4AFC-B243-3C92350CF573}.Ad-Hoc|x86.ActiveCfg = Ad-Hoc|iPhone
		{1EF117CB-D45C-4AFC-B243-3C92350CF573}.AppStore|Any CPU.ActiveCfg = AppStore|iPhone
		{1EF117CB-D45C-4AFC-B243-3C92350CF573}.AppStore|ARM.ActiveCfg = AppStore|iPhone
		{1EF117CB-D45C-4AFC-B243-3C92350CF573}.AppStore|iPhone.ActiveCfg = AppStore|iPhone
		{1EF117CB-D45C-4AFC-B243-3C92350CF573}.AppStore|iPhone.Build.0 = AppStore|iPhone
		{1EF117CB-D45C-4AFC-B243-3C92350CF573}.AppStore|iPhoneSimulator.ActiveCfg = AppStore|iPhoneSimulator
		{1EF117CB-D45C-4AFC-B243-3C92350CF573}.AppStore|iPhoneSimulator.Build.0 = AppStore|iPhoneSimulator
		{1EF117CB-D45C-4AFC-B243-3C92350CF573}.AppStore|x64.ActiveCfg = AppStore|iPhone
		{1EF117CB-D45C-4AFC-B243-3C92350CF573}.AppStore|x86.ActiveCfg = AppStore|iPhone
		{1EF117CB-D45C-4AFC-B243-3C92350CF573}.Debug|Any CPU.ActiveCfg = Debug|iPhone
		{1EF117CB-D45C-4AFC-B243-3C92350CF573}.Debug|ARM.ActiveCfg = Debug|iPhone
		{1EF117CB-D45C-4AFC-B243-3C92350CF573}.Debug|iPhone.ActiveCfg = Debug|iPhone
		{1EF117CB-D45C-4AFC-B243-3C92350CF573}.Debug|iPhone.Build.0 = Debug|iPhone
		{1EF117CB-D45C-4AFC-B243-3C92350CF573}.Debug|iPhoneSimulator.ActiveCfg = Debug|iPhoneSimulator
		{1EF117CB-D45C-4AFC-B243-3C92350CF573}.Debug|iPhoneSimulator.Build.0 = Debug|iPhoneSimulator
		{1EF117CB-D45C-4AFC-B243-3C92350CF573}.Debug|x64.ActiveCfg = Debug|iPhone
		{1EF117CB-D45C-4AFC-B243-3C92350CF573}.Debug|x86.ActiveCfg = Debug|iPhone
		{1EF117CB-D45C-4AFC-B243-3C92350CF573}.Release|Any CPU.ActiveCfg = Release|iPhone
		{1EF117CB-D45C-4AFC-B243-3C92350CF573}.Release|ARM.ActiveCfg = Release|iPhone
		{1EF117CB-D45C-4AFC-B243-3C92350CF573}.Release|iPhone.ActiveCfg = Release|iPhone
		{1EF117CB-D45C-4AFC-B243-3C92350CF573}.Release|iPhone.Build.0 = Release|iPhone
		{1EF117CB-D45C-4AFC-B243-3C92350CF573}.Release|iPhoneSimulator.ActiveCfg = Release|iPhoneSimulator
		{1EF117CB-D45C-4AFC-B243-3C92350CF573}.Release|iPhoneSimulator.Build.0 = Release|iPhoneSimulator
		{1EF117CB-D45C-4AFC-B243-3C92350CF573}.Release|x64.ActiveCfg = Release|iPhone
		{1EF117CB-D45C-4AFC-B243-3C92350CF573}.Release|x86.ActiveCfg = Release|iPhone
		{F8B7D9B6-04AC-4E0B-AFB6-9285C5E2544B}.Ad-Hoc|Any CPU.ActiveCfg = Release|x86
		{F8B7D9B6-04AC-4E0B-AFB6-9285C5E2544B}.Ad-Hoc|Any CPU.Build.0 = Release|x86
		{F8B7D9B6-04AC-4E0B-AFB6-9285C5E2544B}.Ad-Hoc|Any CPU.Deploy.0 = Release|x86
		{F8B7D9B6-04AC-4E0B-AFB6-9285C5E2544B}.Ad-Hoc|ARM.ActiveCfg = Release|ARM
		{F8B7D9B6-04AC-4E0B-AFB6-9285C5E2544B}.Ad-Hoc|ARM.Build.0 = Release|ARM
		{F8B7D9B6-04AC-4E0B-AFB6-9285C5E2544B}.Ad-Hoc|ARM.Deploy.0 = Release|ARM
		{F8B7D9B6-04AC-4E0B-AFB6-9285C5E2544B}.Ad-Hoc|iPhone.ActiveCfg = Release|x86
		{F8B7D9B6-04AC-4E0B-AFB6-9285C5E2544B}.Ad-Hoc|iPhone.Build.0 = Release|x86
		{F8B7D9B6-04AC-4E0B-AFB6-9285C5E2544B}.Ad-Hoc|iPhone.Deploy.0 = Release|x86
		{F8B7D9B6-04AC-4E0B-AFB6-9285C5E2544B}.Ad-Hoc|iPhoneSimulator.ActiveCfg = Release|x86
		{F8B7D9B6-04AC-4E0B-AFB6-9285C5E2544B}.Ad-Hoc|iPhoneSimulator.Build.0 = Release|x86
		{F8B7D9B6-04AC-4E0B-AFB6-9285C5E2544B}.Ad-Hoc|iPhoneSimulator.Deploy.0 = Release|x86
		{F8B7D9B6-04AC-4E0B-AFB6-9285C5E2544B}.Ad-Hoc|x64.ActiveCfg = Release|x64
		{F8B7D9B6-04AC-4E0B-AFB6-9285C5E2544B}.Ad-Hoc|x64.Build.0 = Release|x64
		{F8B7D9B6-04AC-4E0B-AFB6-9285C5E2544B}.Ad-Hoc|x64.Deploy.0 = Release|x64
		{F8B7D9B6-04AC-4E0B-AFB6-9285C5E2544B}.Ad-Hoc|x86.ActiveCfg = Release|x86
		{F8B7D9B6-04AC-4E0B-AFB6-9285C5E2544B}.Ad-Hoc|x86.Build.0 = Release|x86
		{F8B7D9B6-04AC-4E0B-AFB6-9285C5E2544B}.Ad-Hoc|x86.Deploy.0 = Release|x86
		{F8B7D9B6-04AC-4E0B-AFB6-9285C5E2544B}.AppStore|Any CPU.ActiveCfg = Release|x86
		{F8B7D9B6-04AC-4E0B-AFB6-9285C5E2544B}.AppStore|Any CPU.Build.0 = Release|x86
		{F8B7D9B6-04AC-4E0B-AFB6-9285C5E2544B}.AppStore|Any CPU.Deploy.0 = Release|x86
		{F8B7D9B6-04AC-4E0B-AFB6-9285C5E2544B}.AppStore|ARM.ActiveCfg = Release|ARM
		{F8B7D9B6-04AC-4E0B-AFB6-9285C5E2544B}.AppStore|ARM.Build.0 = Release|ARM
		{F8B7D9B6-04AC-4E0B-AFB6-9285C5E2544B}.AppStore|ARM.Deploy.0 = Release|ARM
		{F8B7D9B6-04AC-4E0B-AFB6-9285C5E2544B}.AppStore|iPhone.ActiveCfg = Release|x86
		{F8B7D9B6-04AC-4E0B-AFB6-9285C5E2544B}.AppStore|iPhone.Build.0 = Release|x86
		{F8B7D9B6-04AC-4E0B-AFB6-9285C5E2544B}.AppStore|iPhone.Deploy.0 = Release|x86
		{F8B7D9B6-04AC-4E0B-AFB6-9285C5E2544B}.AppStore|iPhoneSimulator.ActiveCfg = Release|x86
		{F8B7D9B6-04AC-4E0B-AFB6-9285C5E2544B}.AppStore|iPhoneSimulator.Build.0 = Release|x86
		{F8B7D9B6-04AC-4E0B-AFB6-9285C5E2544B}.AppStore|iPhoneSimulator.Deploy.0 = Release|x86
		{F8B7D9B6-04AC-4E0B-AFB6-9285C5E2544B}.AppStore|x64.ActiveCfg = Release|x64
		{F8B7D9B6-04AC-4E0B-AFB6-9285C5E2544B}.AppStore|x64.Build.0 = Release|x64
		{F8B7D9B6-04AC-4E0B-AFB6-9285C5E2544B}.AppStore|x64.Deploy.0 = Release|x64
		{F8B7D9B6-04AC-4E0B-AFB6-9285C5E2544B}.AppStore|x86.ActiveCfg = Release|x86
		{F8B7D9B6-04AC-4E0B-AFB6-9285C5E2544B}.AppStore|x86.Build.0 = Release|x86
		{F8B7D9B6-04AC-4E0B-AFB6-9285C5E2544B}.AppStore|x86.Deploy.0 = Release|x86
		{F8B7D9B6-04AC-4E0B-AFB6-9285C5E2544B}.Debug|Any CPU.ActiveCfg = Debug|x86
		{F8B7D9B6-04AC-4E0B-AFB6-9285C5E2544B}.Debug|ARM.ActiveCfg = Debug|ARM
		{F8B7D9B6-04AC-4E0B-AFB6-9285C5E2544B}.Debug|ARM.Build.0 = Debug|ARM
		{F8B7D9B6-04AC-4E0B-AFB6-9285C5E2544B}.Debug|ARM.Deploy.0 = Debug|ARM
		{F8B7D9B6-04AC-4E0B-AFB6-9285C5E2544B}.Debug|iPhone.ActiveCfg = Debug|x86
		{F8B7D9B6-04AC-4E0B-AFB6-9285C5E2544B}.Debug|iPhoneSimulator.ActiveCfg = Debug|x86
		{F8B7D9B6-04AC-4E0B-AFB6-9285C5E2544B}.Debug|x64.ActiveCfg = Debug|x64
		{F8B7D9B6-04AC-4E0B-AFB6-9285C5E2544B}.Debug|x64.Build.0 = Debug|x64
		{F8B7D9B6-04AC-4E0B-AFB6-9285C5E2544B}.Debug|x64.Deploy.0 = Debug|x64
		{F8B7D9B6-04AC-4E0B-AFB6-9285C5E2544B}.Debug|x86.ActiveCfg = Debug|x86
		{F8B7D9B6-04AC-4E0B-AFB6-9285C5E2544B}.Debug|x86.Build.0 = Debug|x86
		{F8B7D9B6-04AC-4E0B-AFB6-9285C5E2544B}.Debug|x86.Deploy.0 = Debug|x86
		{F8B7D9B6-04AC-4E0B-AFB6-9285C5E2544B}.Release|Any CPU.ActiveCfg = Release|x86
		{F8B7D9B6-04AC-4E0B-AFB6-9285C5E2544B}.Release|ARM.ActiveCfg = Release|ARM
		{F8B7D9B6-04AC-4E0B-AFB6-9285C5E2544B}.Release|ARM.Build.0 = Release|ARM
		{F8B7D9B6-04AC-4E0B-AFB6-9285C5E2544B}.Release|ARM.Deploy.0 = Release|ARM
		{F8B7D9B6-04AC-4E0B-AFB6-9285C5E2544B}.Release|iPhone.ActiveCfg = Release|x86
		{F8B7D9B6-04AC-4E0B-AFB6-9285C5E2544B}.Release|iPhoneSimulator.ActiveCfg = Release|x86
		{F8B7D9B6-04AC-4E0B-AFB6-9285C5E2544B}.Release|x64.ActiveCfg = Release|x64
		{F8B7D9B6-04AC-4E0B-AFB6-9285C5E2544B}.Release|x64.Build.0 = Release|x64
		{F8B7D9B6-04AC-4E0B-AFB6-9285C5E2544B}.Release|x64.Deploy.0 = Release|x64
		{F8B7D9B6-04AC-4E0B-AFB6-9285C5E2544B}.Release|x86.ActiveCfg = Release|x86
		{F8B7D9B6-04AC-4E0B-AFB6-9285C5E2544B}.Release|x86.Build.0 = Release|x86
		{F8B7D9B6-04AC-4E0B-AFB6-9285C5E2544B}.Release|x86.Deploy.0 = Release|x86
	EndGlobalSection
	GlobalSection(SolutionProperties) = preSolution
		HideSolutionNode = FALSE
	EndGlobalSection
EndGlobal
